
Microsoft Visual Studio Solution File, Format Version 12.00
# Visual Studio Version 16
VisualStudioVersion = 16.0.29020.237
MinimumVisualStudioVersion = 10.0.40219.1
Project("{FAE04EC0-301F-11D3-BF4B-00C04F79EFBC}") = "calculo_massa_corporal", "calculo_massa_corporal.csproj", "{322F5AF4-51B9-4050-9CDF-6AC7B1A3E0D7}"
EndProject
Global
	GlobalSection(SolutionConfigurationPlatforms) = preSolution
		Debug|Any CPU = Debug|Any CPU
		Release|Any CPU = Release|Any CPU
	EndGlobalSection
	GlobalSection(ProjectConfigurationPlatforms) = postSolution
		{322F5AF4-51B9-4050-9CDF-6AC7B1A3E0D7}.Debug|Any CPU.ActiveCfg = Debug|Any CPU
		{322F5AF4-51B9-4050-9CDF-6AC7B1A3E0D7}.Debug|Any CPU.Build.0 = Debug|Any CPU
		{322F5AF4-51B9-4050-9CDF-6AC7B1A3E0D7}.Release|Any CPU.ActiveCfg = Release|Any CPU
		{322F5AF4-51B9-4050-9CDF-6AC7B1A3E0D7}.Release|Any CPU.Build.0 = Release|Any CPU
	EndGlobalSection
	GlobalSection(SolutionProperties) = preSolution
		HideSolutionNode = FALSE
	EndGlobalSection
	GlobalSection(ExtensibilityGlobals) = postSolution
		SolutionGuid = {4EA08C2D-D66E-433D-8A1C-C05C9959D2D4}
	EndGlobalSection
EndGlobal
